
Microsoft Visual Studio Solution File, Format Version 12.00
# Visual Studio Version 16
VisualStudioVersion = 16.0.31529.145
MinimumVisualStudioVersion = 10.0.40219.1
Project("{FAE04EC0-301F-11D3-BF4B-00C04F79EFBC}") = "Projekt21", "Projekt21\Projekt21.csproj", "{904B4DC6-D382-43DC-B95E-BB33FEFB3AF6}"
EndProject
Project("{FAE04EC0-301F-11D3-BF4B-00C04F79EFBC}") = "UnitTestProject1", "UnitTestProject1\UnitTestProject1.csproj", "{68404EEC-3CDC-4EA5-8631-0F40BF8ED3BF}"
EndProject
Global
	GlobalSection(SolutionConfigurationPlatforms) = preSolution
		Debug|Any CPU = Debug|Any CPU
		Release|Any CPU = Release|Any CPU
	EndGlobalSection
	GlobalSection(ProjectConfigurationPlatforms) = postSolution
		{904B4DC6-D382-43DC-B95E-BB33FEFB3AF6}.Debug|Any CPU.ActiveCfg = Debug|Any CPU
		{904B4DC6-D382-43DC-B95E-BB33FEFB3AF6}.Debug|Any CPU.Build.0 = Debug|Any CPU
		{904B4DC6-D382-43DC-B95E-BB33FEFB3AF6}.Release|Any CPU.ActiveCfg = Release|Any CPU
		{904B4DC6-D382-43DC-B95E-BB33FEFB3AF6}.Release|Any CPU.Build.0 = Release|Any CPU
		{68404EEC-3CDC-4EA5-8631-0F40BF8ED3BF}.Debug|Any CPU.ActiveCfg = Debug|Any CPU
		{68404EEC-3CDC-4EA5-8631-0F40BF8ED3BF}.Debug|Any CPU.Build.0 = Debug|Any CPU
		{68404EEC-3CDC-4EA5-8631-0F40BF8ED3BF}.Release|Any CPU.ActiveCfg = Release|Any CPU
		{68404EEC-3CDC-4EA5-8631-0F40BF8ED3BF}.Release|Any CPU.Build.0 = Release|Any CPU
	EndGlobalSection
	GlobalSection(SolutionProperties) = preSolution
		HideSolutionNode = FALSE
	EndGlobalSection
	GlobalSection(ExtensibilityGlobals) = postSolution
		SolutionGuid = {5E6FD35F-22B6-41E8-9001-0FADEB395A61}
	EndGlobalSection
EndGlobal
